// !$*UTF8*$!
{
	archiveVersion = 1;
	classes = {
	};
	objectVersion = 50;
	objects = {

/* Begin PBXBuildFile section */
		F802C9A4237995B100C13C5E /* AppDelegate.swift in Sources */ = {isa = PBXBuildFile; fileRef = F802C9A3237995B100C13C5E /* AppDelegate.swift */; };
		F802C9A6237995B100C13C5E /* ViewController.swift in Sources */ = {isa = PBXBuildFile; fileRef = F802C9A5237995B100C13C5E /* ViewController.swift */; };
		F802C9A8237995B400C13C5E /* Assets.xcassets in Resources */ = {isa = PBXBuildFile; fileRef = F802C9A7237995B400C13C5E /* Assets.xcassets */; };
		F802C9AB237995B400C13C5E /* Main.storyboard in Resources */ = {isa = PBXBuildFile; fileRef = F802C9A9237995B400C13C5E /* Main.storyboard */; };
		F8624E36237B0567008897B7 /* Item.swift in Sources */ = {isa = PBXBuildFile; fileRef = F8624E34237B0567008897B7 /* Item.swift */; };
		F8624E37237B0567008897B7 /* Item.xib in Resources */ = {isa = PBXBuildFile; fileRef = F8624E35237B0567008897B7 /* Item.xib */; };
/* End PBXBuildFile section */

/* Begin PBXFileReference section */
		F802C9A0237995B100C13C5E /* AirPods.app */ = {isa = PBXFileReference; explicitFileType = wrapper.application; includeInIndex = 0; path = AirPods.app; sourceTree = BUILT_PRODUCTS_DIR; };
		F802C9A3237995B100C13C5E /* AppDelegate.swift */ = {isa = PBXFileReference; lastKnownFileType = sourcecode.swift; path = AppDelegate.swift; sourceTree = "<group>"; };
		F802C9A5237995B100C13C5E /* ViewController.swift */ = {isa = PBXFileReference; lastKnownFileType = sourcecode.swift; path = ViewController.swift; sourceTree = "<group>"; };
		F802C9A7237995B400C13C5E /* Assets.xcassets */ = {isa = PBXFileReference; lastKnownFileType = folder.assetcatalog; path = Assets.xcassets; sourceTree = "<group>"; };
		F802C9AA237995B400C13C5E /* Base */ = {isa = PBXFileReference; lastKnownFileType = file.storyboard; name = Base; path = Base.lproj/Main.storyboard; sourceTree = "<group>"; };
		F802C9AC237995B400C13C5E /* Info.plist */ = {isa = PBXFileReference; lastKnownFileType = text.plist.xml; path = Info.plist; sourceTree = "<group>"; };
		F802C9AD237995B400C13C5E /* AirPods.entitlements */ = {isa = PBXFileReference; lastKnownFileType = text.plist.entitlements; path = AirPods.entitlements; sourceTree = "<group>"; };
		F8624E34237B0567008897B7 /* Item.swift */ = {isa = PBXFileReference; lastKnownFileType = sourcecode.swift; path = Item.swift; sourceTree = "<group>"; };
		F8624E35237B0567008897B7 /* Item.xib */ = {isa = PBXFileReference; lastKnownFileType = file.xib; path = Item.xib; sourceTree = "<group>"; };
/* End PBXFileReference section */

/* Begin PBXFrameworksBuildPhase section */
		F802C99D237995B100C13C5E /* Frameworks */ = {
			isa = PBXFrameworksBuildPhase;
			buildActionMask = 2147483647;
			files = (
			);
			runOnlyForDeploymentPostprocessing = 0;
		};
/* End PBXFrameworksBuildPhase section */

/* Begin PBXGroup section */
		F802C997237995B100C13C5E = {
			isa = PBXGroup;
			children = (
				F802C9A2237995B100C13C5E /* AirPods */,
				F802C9A1237995B100C13C5E /* Products */,
			);
			sourceTree = "<group>";
		};
		F802C9A1237995B100C13C5E /* Products */ = {
			isa = PBXGroup;
			children = (
				F802C9A0237995B100C13C5E /* AirPods.app */,
			);
			name = Products;
			sourceTree = "<group>";
		};
		F802C9A2237995B100C13C5E /* AirPods */ = {
			isa = PBXGroup;
			children = (
				F802C9A3237995B100C13C5E /* AppDelegate.swift */,
				F802C9A5237995B100C13C5E /* ViewController.swift */,
				F802C9A7237995B400C13C5E /* Assets.xcassets */,
				F802C9A9237995B400C13C5E /* Main.storyboard */,
				F802C9AC237995B400C13C5E /* Info.plist */,
				F802C9AD237995B400C13C5E /* AirPods.entitlements */,
				F8624E34237B0567008897B7 /* Item.swift */,
				F8624E35237B0567008897B7 /* Item.xib */,
			);
			path = AirPods;
			sourceTree = "<group>";
		};
/* End PBXGroup section */

/* Begin PBXNativeTarget section */
		F802C99F237995B100C13C5E /* AirPods */ = {
			isa = PBXNativeTarget;
			buildConfigurationList = F802C9B0237995B400C13C5E /* Build configuration list for PBXNativeTarget "AirPods" */;
			buildPhases = (
				F802C99C237995B100C13C5E /* Sources */,
				F802C99D237995B100C13C5E /* Frameworks */,
				F802C99E237995B100C13C5E /* Resources */,
			);
			buildRules = (
			);
			dependencies = (
			);
			name = AirPods;
			productName = AirPods;
			productReference = F802C9A0237995B100C13C5E /* AirPods.app */;
			productType = "com.apple.product-type.application";
		};
/* End PBXNativeTarget section */

/* Begin PBXProject section */
		F802C998237995B100C13C5E /* Project object */ = {
			isa = PBXProject;
			attributes = {
				LastSwiftUpdateCheck = 1110;
				LastUpgradeCheck = 1110;
				ORGANIZATIONNAME = "Hannes Waller";
				TargetAttributes = {
					F802C99F237995B100C13C5E = {
						CreatedOnToolsVersion = 11.1;
					};
				};
			};
			buildConfigurationList = F802C99B237995B100C13C5E /* Build configuration list for PBXProject "AirPods" */;
			compatibilityVersion = "Xcode 9.3";
			developmentRegion = en;
			hasScannedForEncodings = 0;
			knownRegions = (
				en,
				Base,
			);
			mainGroup = F802C997237995B100C13C5E;
			productRefGroup = F802C9A1237995B100C13C5E /* Products */;
			projectDirPath = "";
			projectRoot = "";
			targets = (
				F802C99F237995B100C13C5E /* AirPods */,
			);
		};
/* End PBXProject section */

/* Begin PBXResourcesBuildPhase section */
		F802C99E237995B100C13C5E /* Resources */ = {
			isa = PBXResourcesBuildPhase;
			buildActionMask = 2147483647;
			files = (
				F802C9A8237995B400C13C5E /* Assets.xcassets in Resources */,
				F8624E37237B0567008897B7 /* Item.xib in Resources */,
				F802C9AB237995B400C13C5E /* Main.storyboard in Resources */,
			);
			runOnlyForDeploymentPostprocessing = 0;
		};
/* End PBXResourcesBuildPhase section */

/* Begin PBXSourcesBuildPhase section */
		F802C99C237995B100C13C5E /* Sources */ = {
			isa = PBXSourcesBuildPhase;
			buildActionMask = 2147483647;
			files = (
				F802C9A6237995B100C13C5E /* ViewController.swift in Sources */,
				F8624E36237B0567008897B7 /* Item.swift in Sources */,
				F802C9A4237995B100C13C5E /* AppDelegate.swift in Sources */,
			);
			runOnlyForDeploymentPostprocessing = 0;
		};
/* End PBXSourcesBuildPhase section */

/* Begin PBXVariantGroup section */
		F802C9A9237995B400C13C5E /* Main.storyboard */ = {
			isa = PBXVariantGroup;
			children = (
				F802C9AA237995B400C13C5E /* Base */,
			);
			name = Main.storyboard;
			sourceTree = "<group>";
		};
/* End PBXVariantGroup section */

/* Begin XCBuildConfiguration section */
		F802C9AE237995B400C13C5E /* Debug */ = {
			isa = XCBuildConfiguration;
			buildSettings = {
				ALWAYS_SEARCH_USER_PATHS = NO;
				CLANG_ANALYZER_NONNULL = YES;
				CLANG_ANALYZER_NUMBER_OBJECT_CONVERSION = YES_AGGRESSIVE;
				CLANG_CXX_LANGUAGE_STANDARD = "gnu++14";
				CLANG_CXX_LIBRARY = "libc++";
				CLANG_ENABLE_MODULES = YES;
				CLANG_ENABLE_OBJC_ARC = YES;
				CLANG_ENABLE_OBJC_WEAK = YES;
				CLANG_WARN_BLOCK_CAPTURE_AUTORELEASING = YES;
				CLANG_WARN_BOOL_CONVERSION = YES;
				CLANG_WARN_COMMA = YES;
				CLANG_WARN_CONSTANT_CONVERSION = YES;
				CLANG_WARN_DEPRECATED_OBJC_IMPLEMENTATIONS = YES;
				CLANG_WARN_DIRECT_OBJC_ISA_USAGE = YES_ERROR;
				CLANG_WARN_DOCUMENTATION_COMMENTS = YES;
				CLANG_WARN_EMPTY_BODY = YES;
				CLANG_WARN_ENUM_CONVERSION = YES;
				CLANG_WARN_INFINITE_RECURSION = YES;
				CLANG_WARN_INT_CONVERSION = YES;
				CLANG_WARN_NON_LITERAL_NULL_CONVERSION = YES;
				CLANG_WARN_OBJC_IMPLICIT_RETAIN_SELF = YES;
				CLANG_WARN_OBJC_LITERAL_CONVERSION = YES;
				CLANG_WARN_OBJC_ROOT_CLASS = YES_ERROR;
				CLANG_WARN_RANGE_LOOP_ANALYSIS = YES;
				CLANG_WARN_STRICT_PROTOTYPES = YES;
				CLANG_WARN_SUSPICIOUS_MOVE = YES;
				CLANG_WARN_UNGUARDED_AVAILABILITY = YES_AGGRESSIVE;
				CLANG_WARN_UNREACHABLE_CODE = YES;
				CLANG_WARN__DUPLICATE_METHOD_MATCH = YES;
				COPY_PHASE_STRIP = NO;
				DEBUG_INFORMATION_FORMAT = dwarf;
				ENABLE_STRICT_OBJC_MSGSEND = YES;
				ENABLE_TESTABILITY = YES;
				GCC_C_LANGUAGE_STANDARD = gnu11;
				GCC_DYNAMIC_NO_PIC = NO;
				GCC_NO_COMMON_BLOCKS = YES;
				GCC_OPTIMIZATION_LEVEL = 0;
				GCC_PREPROCESSOR_DEFINITIONS = (
					"DEBUG=1",
					"$(inherited)",
				);
				GCC_WARN_64_TO_32_BIT_CONVERSION = YES;
				GCC_WARN_ABOUT_RETURN_TYPE = YES_ERROR;
				GCC_WARN_UNDECLARED_SELECTOR = YES;
				GCC_WARN_UNINITIALIZED_AUTOS = YES_AGGRESSIVE;
				GCC_WARN_UNUSED_FUNCTION = YES;
				GCC_WARN_UNUSED_VARIABLE = YES;
				MACOSX_DEPLOYMENT_TARGET = 10.15;
				MTL_ENABLE_DEBUG_INFO = INCLUDE_SOURCE;
				MTL_FAST_MATH = YES;
				ONLY_ACTIVE_ARCH = YES;
				SDKROOT = macosx;
				SWIFT_ACTIVE_COMPILATION_CONDITIONS = DEBUG;
				SWIFT_OPTIMIZATION_LEVEL = "-Onone";
			};
			name = Debug;
		};
		F802C9AF237995B400C13C5E /* Release */ = {
			isa = XCBuildConfiguration;
			buildSettings = {
				ALWAYS_SEARCH_USER_PATHS = NO;
				CLANG_ANALYZER_NONNULL = YES;
				CLANG_ANALYZER_NUMBER_OBJECT_CONVERSION = YES_AGGRESSIVE;
				CLANG_CXX_LANGUAGE_STANDARD = "gnu++14";
				CLANG_CXX_LIBRARY = "libc++";
				CLANG_ENABLE_MODULES = YES;
				CLANG_ENABLE_OBJC_ARC = YES;
				CLANG_ENABLE_OBJC_WEAK = YES;
				CLANG_WARN_BLOCK_CAPTURE_AUTORELEASING = YES;
				CLANG_WARN_BOOL_CONVERSION = YES;
				CLANG_WARN_COMMA = YES;
				CLANG_WARN_CONSTANT_CONVERSION = YES;
				CLANG_WARN_DEPRECATED_OBJC_IMPLEMENTATIONS = YES;
				CLANG_WARN_DIRECT_OBJC_ISA_USAGE = YES_ERROR;
				CLANG_WARN_DOCUMENTATION_COMMENTS = YES;
				CLANG_WARN_EMPTY_BODY = YES;
				CLANG_WARN_ENUM_CONVERSION = YES;
				CLANG_WARN_INFINITE_RECURSION = YES;
				CLANG_WARN_INT_CONVERSION = YES;
				CLANG_WARN_NON_LITERAL_NULL_CONVERSION = YES;
				CLANG_WARN_OBJC_IMPLICIT_RETAIN_SELF = YES;
				CLANG_WARN_OBJC_LITERAL_CONVERSION = YES;
				CLANG_WARN_OBJC_ROOT_CLASS = YES_ERROR;
				CLANG_WARN_RANGE_LOOP_ANALYSIS = YES;
				CLANG_WARN_STRICT_PROTOTYPES = YES;
				CLANG_WARN_SUSPICIOUS_MOVE = YES;
				CLANG_WARN_UNGUARDED_AVAILABILITY = YES_AGGRESSIVE;
				CLANG_WARN_UNREACHABLE_CODE = YES;
				CLANG_WARN__DUPLICATE_METHOD_MATCH = YES;
				COPY_PHASE_STRIP = NO;
				DEBUG_INFORMATION_FORMAT = "dwarf-with-dsym";
				ENABLE_NS_ASSERTIONS = NO;
				ENABLE_STRICT_OBJC_MSGSEND = YES;
				GCC_C_LANGUAGE_STANDARD = gnu11;
				GCC_NO_COMMON_BLOCKS = YES;
				GCC_WARN_64_TO_32_BIT_CONVERSION = YES;
				GCC_WARN_ABOUT_RETURN_TYPE = YES_ERROR;
				GCC_WARN_UNDECLARED_SELECTOR = YES;
				GCC_WARN_UNINITIALIZED_AUTOS = YES_AGGRESSIVE;
				GCC_WARN_UNUSED_FUNCTION = YES;
				GCC_WARN_UNUSED_VARIABLE = YES;
				MACOSX_DEPLOYMENT_TARGET = 10.15;
				MTL_ENABLE_DEBUG_INFO = NO;
				MTL_FAST_MATH = YES;
				SDKROOT = macosx;
				SWIFT_COMPILATION_MODE = wholemodule;
				SWIFT_OPTIMIZATION_LEVEL = "-O";
			};
			name = Release;
		};
		F802C9B1237995B400C13C5E /* Debug */ = {
			isa = XCBuildConfiguration;
			buildSettings = {
				ASSETCATALOG_COMPILER_APPICON_NAME = AppIcon;
				CODE_SIGN_ENTITLEMENTS = AirPods/AirPods.entitlements;
				CODE_SIGN_STYLE = Automatic;
				COMBINE_HIDPI_IMAGES = YES;
				DEVELOPMENT_TEAM = 3GU3D426J4;
				ENABLE_HARDENED_RUNTIME = YES;
				INFOPLIST_FILE = AirPods/Info.plist;
				LD_RUNPATH_SEARCH_PATHS = (
					"$(inherited)",
					"@executable_path/../Frameworks",
				);
				PRODUCT_BUNDLE_IDENTIFIER = no.hkwaller.AirPods;
				PRODUCT_NAME = "$(TARGET_NAME)";
				SWIFT_VERSION = 5.0;
			};
			name = Debug;
		};
		F802C9B2237995B400C13C5E /* Release */ = {
			isa = XCBuildConfiguration;
			buildSettings = {
				ASSETCATALOG_COMPILER_APPICON_NAME = AppIcon;
				CODE_SIGN_ENTITLEMENTS = AirPods/AirPods.entitlements;
				CODE_SIGN_STYLE = Automatic;
				COMBINE_HIDPI_IMAGES = YES;
				DEVELOPMENT_TEAM = 3GU3D426J4;
				ENABLE_HARDENED_RUNTIME = YES;
				INFOPLIST_FILE = AirPods/Info.plist;
				LD_RUNPATH_SEARCH_PATHS = (
					"$(inherited)",
					"@executable_path/../Frameworks",
				);
				PRODUCT_BUNDLE_IDENTIFIER = no.hkwaller.AirPods;
				PRODUCT_NAME = "$(TARGET_NAME)";
				SWIFT_VERSION = 5.0;
			};
			name = Release;
		};
/* End XCBuildConfiguration section */

/* Begin XCConfigurationList section */
		F802C99B237995B100C13C5E /* Build configuration list for PBXProject "AirPods" */ = {
			isa = XCConfigurationList;
			buildConfigurations = (
				F802C9AE237995B400C13C5E /* Debug */,
				F802C9AF237995B400C13C5E /* Release */,
			);
			defaultConfigurationIsVisible = 0;
			defaultConfigurationName = Release;
		};
		F802C9B0237995B400C13C5E /* Build configuration list for PBXNativeTarget "AirPods" */ = {
			isa = XCConfigurationList;
			buildConfigurations = (
				F802C9B1237995B400C13C5E /* Debug */,
				F802C9B2237995B400C13C5E /* Release */,
			);
			defaultConfigurationIsVisible = 0;
			defaultConfigurationName = Release;
		};
/* End XCConfigurationList section */
	};
	rootObject = F802C998237995B100C13C5E /* Project object */;
}
